<?xml version="1.0"?>
<CONFIG>
  <ProjectOptions>
    <PathDelim Value="\"/>
    <Version Value="5"/>
    <General>
      <MainUnit Value="0"/>
      <TargetFileExt Value=".exe"/>
      <ActiveEditorIndexAtStart Value="2"/>
    </General>
    <PublishOptions>
      <Version Value="2"/>
      <IgnoreBinaries Value="False"/>
      <IncludeFileFilter Value="*.(pas|pp|inc|lfm|lpr|lrs|lpi|lpk|sh|xml)"/>
      <ExcludeFileFilter Value="*.(bak|ppu|ppw|o|so);*~;backup"/>
    </PublishOptions>
    <RunParams>
      <local>
        <FormatVersion Value="1"/>
        <LaunchingApplication PathPlusParams="/usr/X11R6/bin/xterm -T 'Lazarus Run Output' -e $(LazarusDir)/tools/runwait.sh $(TargetCmdLine)"/>
      </local>
    </RunParams>
    <RequiredPackages Count="1">
      <Item1>
        <PackageName Value="LCL"/>
      </Item1>
    </RequiredPackages>
    <Units Count="5">
      <Unit0>
        <Filename Value="RenderText_Ex.lpr"/>
        <IsPartOfProject Value="True"/>
        <CursorPos X="14" Y="6"/>
        <TopLine Value="1"/>
        <EditorIndex Value="0"/>
        <UsageCount Value="20"/>
        <Loaded Value="True"/>
      </Unit0>
      <Unit1>
        <Filename Value="MainUnit.pas"/>
        <ComponentName Value="Form1"/>
        <HasResources Value="True"/>
        <IsPartOfProject Value="True"/>
        <ResourceFilename Value="MainUnit.lrs"/>
        <UnitName Value="MainUnit"/>
        <CursorPos X="96" Y="109"/>
        <TopLine Value="96"/>
        <EditorIndex Value="1"/>
        <UsageCount Value="20"/>
        <Loaded Value="True"/>
      </Unit1>
      <Unit2>
        <Filename Value="MainUnit.lfm"/>
        <CursorPos X="17" Y="43"/>
        <TopLine Value="16"/>
        <UsageCount Value="10"/>
        <SyntaxHighlighter Value="LFM"/>
      </Unit2>
      <Unit3>
        <Filename Value="..\..\..\..\..\GR32_Resamplers.pas"/>
        <UnitName Value="GR32_Resamplers"/>
        <CursorPos X="1" Y="773"/>
        <TopLine Value="758"/>
        <EditorIndex Value="2"/>
        <UsageCount Value="10"/>
        <Loaded Value="True"/>
      </Unit3>
      <Unit4>
        <Filename Value="..\..\..\..\..\GR32_Blend.pas"/>
        <UnitName Value="GR32_Blend"/>
        <CursorPos X="1" Y="1065"/>
        <TopLine Value="1050"/>
        <EditorIndex Value="3"/>
        <UsageCount Value="10"/>
        <Loaded Value="True"/>
      </Unit4>
    </Units>
    <JumpHistory Count="30" HistoryIndex="29">
      <Position1>
        <Filename Value="..\..\..\..\..\GR32_Resamplers.pas"/>
        <Caret Line="773" Column="1" TopLine="758"/>
      </Position1>
      <Position2>
        <Filename Value="..\..\..\..\..\GR32_Blend.pas"/>
        <Caret Line="1054" Column="1" TopLine="1039"/>
      </Position2>
      <Position3>
        <Filename Value="..\..\..\..\..\GR32_Blend.pas"/>
        <Caret Line="1055" Column="1" TopLine="1040"/>
      </Position3>
      <Position4>
        <Filename Value="..\..\..\..\..\GR32_Blend.pas"/>
        <Caret Line="1057" Column="1" TopLine="1042"/>
      </Position4>
      <Position5>
        <Filename Value="..\..\..\..\..\GR32_Blend.pas"/>
        <Caret Line="1058" Column="1" TopLine="1043"/>
      </Position5>
      <Position6>
        <Filename Value="..\..\..\..\..\GR32_Blend.pas"/>
        <Caret Line="1060" Column="1" TopLine="1045"/>
      </Position6>
      <Position7>
        <Filename Value="..\..\..\..\..\GR32_Blend.pas"/>
        <Caret Line="1061" Column="1" TopLine="1046"/>
      </Position7>
      <Position8>
        <Filename Value="..\..\..\..\..\GR32_Blend.pas"/>
        <Caret Line="1064" Column="1" TopLine="1049"/>
      </Position8>
      <Position9>
        <Filename Value="..\..\..\..\..\GR32_Blend.pas"/>
        <Caret Line="1065" Column="1" TopLine="1050"/>
      </Position9>
      <Position10>
        <Filename Value="..\..\..\..\..\GR32_Blend.pas"/>
        <Caret Line="1066" Column="1" TopLine="1051"/>
      </Position10>
      <Position11>
        <Filename Value="..\..\..\..\..\GR32_Blend.pas"/>
        <Caret Line="1091" Column="1" TopLine="1076"/>
      </Position11>
      <Position12>
        <Filename Value="..\..\..\..\..\GR32_Blend.pas"/>
        <Caret Line="1092" Column="1" TopLine="1077"/>
      </Position12>
      <Position13>
        <Filename Value="..\..\..\..\..\GR32_Blend.pas"/>
        <Caret Line="1095" Column="1" TopLine="1080"/>
      </Position13>
      <Position14>
        <Filename Value="..\..\..\..\..\GR32_Blend.pas"/>
        <Caret Line="1096" Column="1" TopLine="1081"/>
      </Position14>
      <Position15>
        <Filename Value="..\..\..\..\..\GR32_Blend.pas"/>
        <Caret Line="1064" Column="1" TopLine="1049"/>
      </Position15>
      <Position16>
        <Filename Value="..\..\..\..\..\GR32_Blend.pas"/>
        <Caret Line="1065" Column="1" TopLine="1050"/>
      </Position16>
      <Position17>
        <Filename Value="..\..\..\..\..\GR32_Blend.pas"/>
        <Caret Line="1066" Column="1" TopLine="1051"/>
      </Position17>
      <Position18>
        <Filename Value="..\..\..\..\..\GR32_Blend.pas"/>
        <Caret Line="1091" Column="1" TopLine="1076"/>
      </Position18>
      <Position19>
        <Filename Value="..\..\..\..\..\GR32_Blend.pas"/>
        <Caret Line="1092" Column="1" TopLine="1077"/>
      </Position19>
      <Position20>
        <Filename Value="..\..\..\..\..\GR32_Blend.pas"/>
        <Caret Line="1095" Column="1" TopLine="1080"/>
      </Position20>
      <Position21>
        <Filename Value="..\..\..\..\..\GR32_Blend.pas"/>
        <Caret Line="1096" Column="1" TopLine="1081"/>
      </Position21>
      <Position22>
        <Filename Value="..\..\..\..\..\GR32_Blend.pas"/>
        <Caret Line="1064" Column="1" TopLine="1049"/>
      </Position22>
      <Position23>
        <Filename Value="..\..\..\..\..\GR32_Blend.pas"/>
        <Caret Line="1065" Column="1" TopLine="1050"/>
      </Position23>
      <Position24>
        <Filename Value="..\..\..\..\..\GR32_Blend.pas"/>
        <Caret Line="1066" Column="1" TopLine="1051"/>
      </Position24>
      <Position25>
        <Filename Value="..\..\..\..\..\GR32_Blend.pas"/>
        <Caret Line="1091" Column="1" TopLine="1076"/>
      </Position25>
      <Position26>
        <Filename Value="..\..\..\..\..\GR32_Blend.pas"/>
        <Caret Line="1092" Column="1" TopLine="1077"/>
      </Position26>
      <Position27>
        <Filename Value="..\..\..\..\..\GR32_Blend.pas"/>
        <Caret Line="1095" Column="1" TopLine="1080"/>
      </Position27>
      <Position28>
        <Filename Value="..\..\..\..\..\GR32_Blend.pas"/>
        <Caret Line="1096" Column="1" TopLine="1081"/>
      </Position28>
      <Position29>
        <Filename Value="..\..\..\..\..\GR32_Blend.pas"/>
        <Caret Line="1064" Column="1" TopLine="1049"/>
      </Position29>
      <Position30>
        <Filename Value="..\..\..\..\..\GR32_Blend.pas"/>
        <Caret Line="1065" Column="1" TopLine="1050"/>
      </Position30>
    </JumpHistory>
  </ProjectOptions>
  <CompilerOptions>
    <Version Value="5"/>
    <PathDelim Value="\"/>
    <SearchPaths>
      <OtherUnitFiles Value="$(LazarusDir)\lcl\units\$(TargetCPU)-$(TargetOS)\;$(LazarusDir)\lcl\units\$(TargetCPU)-$(TargetOS)\$(LCLWidgetType)\;$(LazarusDir)\components\codetools\units\$(TargetCPU)-$(TargetOS)\;$(LazarusDir)\components\custom\;$(LazarusDir)\components\JPEG\;$(LazarusDir)\packager\units\$(TargetCPU)-$(TargetOS)\;C:\Programme\Borland\Library\Bitmap\Graphics32\"/>
      <ObjectPath Value="..\..\..\"/>
      <SrcPath Value="$(LazarusDir)\lcl\;$(LazarusDir)\lcl\interfaces\$(LCLWidgetType)\;$(LazarusDir)\components\synedit\;$(LazarusDir)\components\codetools\"/>
    </SearchPaths>
    <Parsing>
      <SyntaxOptions>
        <D2Extensions Value="False"/>
        <CStyleOperator Value="False"/>
        <AllowLabel Value="False"/>
        <CPPInline Value="False"/>
        <DelphiCompat Value="True"/>
      </SyntaxOptions>
    </Parsing>
    <CodeGeneration>
      <Generate Value="Faster"/>
    </CodeGeneration>
    <Linking>
      <Options>
        <Win32>
          <GraphicApplication Value="True"/>
        </Win32>
      </Options>
    </Linking>
    <Other>
      <CompilerPath Value="$(CompPath)"/>
    </Other>
  </CompilerOptions>
  <Debugging>
    <Exceptions Count="2">
      <Item1>
        <Name Value="ECodetoolError"/>
      </Item1>
      <Item2>
        <Name Value="EFOpenError"/>
      </Item2>
    </Exceptions>
  </Debugging>
</CONFIG>
