<?xml version="1.0"?>
<CONFIG>
  <ProjectOptions>
    <Version Value="7"/>
    <General>
      <Flags>
        <LRSInOutputDirectory Value="False"/>
      </Flags>
      <MainUnit Value="0"/>
      <TargetFileExt Value=""/>
      <ActiveEditorIndexAtStart Value="1"/>
    </General>
    <VersionInfo>
      <ProjectVersion Value=""/>
      <Language Value=""/>
      <CharSet Value=""/>
    </VersionInfo>
    <PublishOptions>
      <Version Value="2"/>
      <IgnoreBinaries Value="False"/>
      <IncludeFileFilter Value="*.(pas|pp|inc|lfm|lpr|lrs|lpi|lpk|sh|xml)"/>
      <ExcludeFileFilter Value="*.(bak|ppu|ppw|o|so);*~;backup"/>
    </PublishOptions>
    <RunParams>
      <local>
        <FormatVersion Value="1"/>
        <LaunchingApplication PathPlusParams="/usr/X11R6/bin/xterm -T 'Lazarus Run Output' -e $(LazarusDir)/tools/runwait.sh $(TargetCmdLine)"/>
      </local>
    </RunParams>
    <RequiredPackages Count="3">
      <Item1>
        <PackageName Value="ImagesForLazarus"/>
      </Item1>
      <Item2>
        <PackageName Value="LCL"/>
      </Item2>
      <Item3>
        <PackageName Value="GR32_L"/>
      </Item3>
    </RequiredPackages>
    <Units Count="17">
      <Unit0>
        <Filename Value="RotLayer_Ex.lpr"/>
        <IsPartOfProject Value="True"/>
        <CursorPos X="1" Y="3"/>
        <TopLine Value="1"/>
        <EditorIndex Value="0"/>
        <UsageCount Value="22"/>
        <Loaded Value="True"/>
      </Unit0>
      <Unit1>
        <Filename Value="MainUnit.pas"/>
        <IsPartOfProject Value="True"/>
        <ComponentName Value="Form1"/>
        <HasResources Value="True"/>
        <ResourceBaseClass Value="Form"/>
        <UnitName Value="MainUnit"/>
        <CursorPos X="3" Y="191"/>
        <TopLine Value="167"/>
        <EditorIndex Value="1"/>
        <UsageCount Value="22"/>
        <Loaded Value="True"/>
      </Unit1>
      <Unit2>
        <Filename Value="MainUnit.lfm"/>
        <CursorPos X="1" Y="60"/>
        <TopLine Value="33"/>
        <UsageCount Value="10"/>
        <SyntaxHighlighter Value="LFM"/>
      </Unit2>
      <Unit3>
        <Filename Value="../../../../Packages/GR32_L.pas"/>
        <UnitName Value="GR32_L"/>
        <CursorPos X="1" Y="1"/>
        <TopLine Value="1"/>
        <UsageCount Value="10"/>
      </Unit3>
      <Unit4>
        <Filename Value="GR32_RotLayer.pas"/>
        <UnitName Value="GR32_RotLayer"/>
        <CursorPos X="8" Y="43"/>
        <TopLine Value="26"/>
        <UsageCount Value="11"/>
      </Unit4>
      <Unit5>
        <Filename Value="../../../../../lazarus/lcl/lclproc.pas"/>
        <UnitName Value="LCLProc"/>
        <CursorPos X="9" Y="770"/>
        <TopLine Value="760"/>
        <UsageCount Value="10"/>
      </Unit5>
      <Unit6>
        <Filename Value="../../../../GR32_Image.pas"/>
        <UnitName Value="GR32_Image"/>
        <CursorPos X="1" Y="2316"/>
        <TopLine Value="2004"/>
        <UsageCount Value="10"/>
      </Unit6>
      <Unit7>
        <Filename Value="../../../../../lazarus/lcl/lclclasses.pp"/>
        <UnitName Value="LCLClasses"/>
        <CursorPos X="11" Y="36"/>
        <TopLine Value="1"/>
        <UsageCount Value="10"/>
      </Unit7>
      <Unit8>
        <Filename Value="../../../../../lazarus/lcl/include/customcontrol.inc"/>
        <CursorPos X="1" Y="48"/>
        <TopLine Value="34"/>
        <UsageCount Value="10"/>
      </Unit8>
      <Unit9>
        <Filename Value="../../../../../lazarus/lcl/include/control.inc"/>
        <CursorPos X="7" Y="412"/>
        <TopLine Value="405"/>
        <UsageCount Value="10"/>
      </Unit9>
      <Unit10>
        <Filename Value="../Sprites_Ex/Sprites_Ex.dpr"/>
        <UnitName Value="Sprites_Ex"/>
        <CursorPos X="1" Y="1"/>
        <TopLine Value="1"/>
        <UsageCount Value="10"/>
      </Unit10>
      <Unit11>
        <Filename Value="../Sprites_Ex/MainUnit.pas"/>
        <UnitName Value="MainUnit"/>
        <CursorPos X="1" Y="1"/>
        <TopLine Value="88"/>
        <UsageCount Value="10"/>
      </Unit11>
      <Unit12>
        <Filename Value="../../../../../lazarus/lcl/include/wincontrol.inc"/>
        <CursorPos X="1" Y="2161"/>
        <TopLine Value="2147"/>
        <UsageCount Value="10"/>
      </Unit12>
      <Unit13>
        <Filename Value="temp.lfm"/>
        <CursorPos X="1" Y="79"/>
        <TopLine Value="70"/>
        <UsageCount Value="10"/>
        <SyntaxHighlighter Value="LFM"/>
      </Unit13>
      <Unit14>
        <Filename Value="../../../../GR32_Backends_LCL_Carbon.pas"/>
        <UnitName Value="GR32_Backends_LCL_Carbon"/>
        <CursorPos X="1" Y="1"/>
        <TopLine Value="1"/>
        <UsageCount Value="10"/>
      </Unit14>
      <Unit15>
        <Filename Value="../../../../GR32_Blend.pas"/>
        <UnitName Value="GR32_Blend"/>
        <CursorPos X="12" Y="75"/>
        <TopLine Value="58"/>
        <UsageCount Value="10"/>
      </Unit15>
      <Unit16>
        <Filename Value="../../../../../../../../Lazarus/lcl/include/control.inc"/>
        <CursorPos X="13" Y="332"/>
        <TopLine Value="327"/>
        <UsageCount Value="10"/>
      </Unit16>
    </Units>
    <JumpHistory Count="7" HistoryIndex="6">
      <Position1>
        <Filename Value="MainUnit.pas"/>
        <Caret Line="137" Column="1" TopLine="137"/>
      </Position1>
      <Position2>
        <Filename Value="MainUnit.pas"/>
        <Caret Line="257" Column="70" TopLine="225"/>
      </Position2>
      <Position3>
        <Filename Value="MainUnit.pas"/>
        <Caret Line="250" Column="34" TopLine="225"/>
      </Position3>
      <Position4>
        <Filename Value="RotLayer_Ex.lpr"/>
        <Caret Line="19" Column="60" TopLine="1"/>
      </Position4>
      <Position5>
        <Filename Value="RotLayer_Ex.lpr"/>
        <Caret Line="11" Column="1" TopLine="1"/>
      </Position5>
      <Position6>
        <Filename Value="RotLayer_Ex.lpr"/>
        <Caret Line="3" Column="1" TopLine="1"/>
      </Position6>
      <Position7>
        <Filename Value="MainUnit.pas"/>
        <Caret Line="85" Column="8" TopLine="58"/>
      </Position7>
    </JumpHistory>
  </ProjectOptions>
  <CompilerOptions>
    <Version Value="8"/>
    <SearchPaths>
      <IncludeFiles Value="../../../../"/>
      <Libraries Value="../../../../Packages/lib/$(TargetCPU)-$(TargetOS)/"/>
      <OtherUnitFiles Value="../../../../"/>
      <UnitOutputDirectory Value="$(TargetCPU)-$(TargetOS)/"/>
      <ObjectPath Value="../../../"/>
    </SearchPaths>
    <Parsing>
      <SyntaxOptions>
        <CStyleOperator Value="False"/>
        <IncludeAssertionCode Value="True"/>
        <CPPInline Value="False"/>
      </SyntaxOptions>
    </Parsing>
    <Linking>
      <Debugging>
        <GenerateDebugInfo Value="True"/>
      </Debugging>
      <LinkSmart Value="True"/>
      <Options>
        <LinkerOptions Value="-framework carbon"/>
        <Win32>
          <GraphicApplication Value="True"/>
        </Win32>
      </Options>
    </Linking>
    <Other>
      <CompilerPath Value="$(CompPath)"/>
    </Other>
  </CompilerOptions>
  <Debugging>
    <BreakPoints Count="1">
      <Item1>
        <Source Value="../../../../../lazarus/lcl/include/control.inc"/>
        <Line Value="344"/>
      </Item1>
    </BreakPoints>
    <Exceptions Count="2">
      <Item1>
        <Name Value="ECodetoolError"/>
      </Item1>
      <Item2>
        <Name Value="EFOpenError"/>
      </Item2>
    </Exceptions>
  </Debugging>
</CONFIG>
