<?xml version="1.0"?>
<CONFIG>
  <ProjectOptions>
    <PathDelim Value="\"/>
    <Version Value="7"/>
    <General>
      <Flags>
        <LRSInOutputDirectory Value="False"/>
      </Flags>
      <MainUnit Value="0"/>
      <TargetFileExt Value=".exe"/>
      <ActiveEditorIndexAtStart Value="3"/>
    </General>
    <PublishOptions>
      <Version Value="2"/>
      <DestinationDirectory Value="$(TestDir)\publishedproject\"/>
      <IgnoreBinaries Value="False"/>
      <IncludeFileFilter Value="*.(pas|pp|inc|lfm|lpr|lrs|lpi|lpk|sh|xml)"/>
      <ExcludeFileFilter Value="*.(bak|ppu|ppw|o|so);*~;backup"/>
    </PublishOptions>
    <RunParams>
      <local>
        <FormatVersion Value="1"/>
        <LaunchingApplication PathPlusParams="\usr\X11R6\bin\xterm -T 'Lazarus Run Output' -e $(LazarusDir)\tools\runwait.sh $(TargetCmdLine)"/>
      </local>
    </RunParams>
    <RequiredPackages Count="3">
      <Item1>
        <PackageName Value="ImagesForLazarus"/>
      </Item1>
      <Item2>
        <PackageName Value="GR32_L"/>
      </Item2>
      <Item3>
        <PackageName Value="LCL"/>
        <MinVersion Major="1" Valid="True"/>
      </Item3>
    </RequiredPackages>
    <Units Count="19">
      <Unit0>
        <Filename Value="Polygons_Ex.lpr"/>
        <IsPartOfProject Value="True"/>
        <CursorPos X="22" Y="3"/>
        <TopLine Value="1"/>
        <EditorIndex Value="0"/>
        <UsageCount Value="51"/>
        <Loaded Value="True"/>
        <SyntaxHighlighter Value="Delphi"/>
      </Unit0>
      <Unit1>
        <Filename Value="MainUnit.pas"/>
        <IsPartOfProject Value="True"/>
        <ComponentName Value="Form1"/>
        <HasResources Value="True"/>
        <ResourceBaseClass Value="Form"/>
        <UnitName Value="MainUnit"/>
        <CursorPos X="1" Y="153"/>
        <TopLine Value="136"/>
        <EditorIndex Value="1"/>
        <UsageCount Value="51"/>
        <Loaded Value="True"/>
        <SyntaxHighlighter Value="Delphi"/>
      </Unit1>
      <Unit2>
        <Filename Value="..\..\..\..\GR32.pas"/>
        <UnitName Value="GR32"/>
        <CursorPos X="47" Y="2101"/>
        <TopLine Value="2082"/>
        <EditorIndex Value="3"/>
        <UsageCount Value="25"/>
        <Loaded Value="True"/>
      </Unit2>
      <Unit3>
        <Filename Value="MainUnit.lfm"/>
        <CursorPos X="1" Y="211"/>
        <TopLine Value="183"/>
        <UsageCount Value="7"/>
        <SyntaxHighlighter Value="LFM"/>
      </Unit3>
      <Unit4>
        <Filename Value="..\..\General\Rotate_Ex\MainUnit.pas"/>
        <ComponentName Value="Form1"/>
        <HasResources Value="True"/>
        <UnitName Value="MainUnit"/>
        <CursorPos X="1" Y="1"/>
        <TopLine Value="18"/>
        <UsageCount Value="7"/>
      </Unit4>
      <Unit5>
        <Filename Value="..\..\..\Clx\Transformation\ImgWarping_Ex\MainUnit.pas"/>
        <UnitName Value="MainUnit"/>
        <CursorPos X="3" Y="232"/>
        <TopLine Value="220"/>
        <UsageCount Value="7"/>
      </Unit5>
      <Unit6>
        <Filename Value="..\..\Transformation\ImgWarping_Ex\MainUnit.pas"/>
        <HasResources Value="True"/>
        <UnitName Value="MainUnit"/>
        <CursorPos X="5" Y="33"/>
        <TopLine Value="19"/>
        <UsageCount Value="7"/>
      </Unit6>
      <Unit7>
        <Filename Value="..\..\Transformation\ImgWarping_Ex\MainUnit.lfm"/>
        <CursorPos X="1" Y="1"/>
        <TopLine Value="1"/>
        <UsageCount Value="7"/>
        <SyntaxHighlighter Value="LFM"/>
      </Unit7>
      <Unit8>
        <Filename Value="..\..\Layers\Sprites_Ex\MainUnit.pas"/>
        <ComponentName Value="Form1"/>
        <HasResources Value="True"/>
        <UnitName Value="MainUnit"/>
        <CursorPos X="1" Y="41"/>
        <TopLine Value="20"/>
        <UsageCount Value="7"/>
      </Unit8>
      <Unit9>
        <Filename Value="..\..\..\..\Packages\GR32_L.pas"/>
        <UnitName Value="GR32_L"/>
        <CursorPos X="1" Y="1"/>
        <TopLine Value="1"/>
        <UsageCount Value="7"/>
      </Unit9>
      <Unit10>
        <Filename Value="..\..\..\..\..\fpc\packages\extra\univint\FPCMacOSAll.pas"/>
        <UnitName Value="FPCMacOSAll"/>
        <CursorPos X="9" Y="782"/>
        <TopLine Value="768"/>
        <UsageCount Value="7"/>
      </Unit10>
      <Unit11>
        <Filename Value="..\..\..\..\GR32_Backends_LCL_Carbon.pas"/>
        <UnitName Value="GR32_Backends_LCL_Carbon"/>
        <CursorPos X="30" Y="41"/>
        <TopLine Value="33"/>
        <UsageCount Value="7"/>
      </Unit11>
      <Unit12>
        <Filename Value="..\..\..\..\GR32_Blend.pas"/>
        <UnitName Value="GR32_Blend"/>
        <CursorPos X="49" Y="42"/>
        <TopLine Value="25"/>
        <UsageCount Value="7"/>
      </Unit12>
      <Unit13>
        <Filename Value="..\..\..\..\..\..\..\..\Lazarus\ide\keymapping.pp"/>
        <UnitName Value="KeyMapping"/>
        <CursorPos X="17" Y="123"/>
        <TopLine Value="121"/>
        <UsageCount Value="7"/>
      </Unit13>
      <Unit14>
        <Filename Value="..\..\..\..\..\..\..\..\Lazarus\ideintf\idecommands.pas"/>
        <UnitName Value="IDECommands"/>
        <CursorPos X="14" Y="459"/>
        <TopLine Value="442"/>
        <UsageCount Value="7"/>
      </Unit14>
      <Unit15>
        <Filename Value="..\..\..\..\GR32_Image.pas"/>
        <UnitName Value="GR32_Image"/>
        <CursorPos X="1" Y="2618"/>
        <TopLine Value="2597"/>
        <EditorIndex Value="2"/>
        <UsageCount Value="25"/>
        <Loaded Value="True"/>
      </Unit15>
      <Unit16>
        <Filename Value="..\..\..\..\..\..\..\..\Lazarus\lcl\include\picture.inc"/>
        <CursorPos X="1" Y="503"/>
        <TopLine Value="486"/>
        <EditorIndex Value="6"/>
        <UsageCount Value="25"/>
        <Loaded Value="True"/>
      </Unit16>
      <Unit17>
        <Filename Value="..\..\..\..\GR32_Backends.pas"/>
        <UnitName Value="GR32_Backends"/>
        <CursorPos X="1" Y="170"/>
        <TopLine Value="145"/>
        <EditorIndex Value="5"/>
        <UsageCount Value="25"/>
        <Loaded Value="True"/>
      </Unit17>
      <Unit18>
        <Filename Value="..\..\..\..\GR32_Backends_LCL_Win.pas"/>
        <UnitName Value="GR32_Backends_LCL_Win"/>
        <CursorPos X="28" Y="50"/>
        <TopLine Value="44"/>
        <EditorIndex Value="4"/>
        <UsageCount Value="25"/>
        <Loaded Value="True"/>
      </Unit18>
    </Units>
    <JumpHistory Count="30" HistoryIndex="29">
      <Position1>
        <Filename Value="..\..\..\..\GR32_Backends.pas"/>
        <Caret Line="157" Column="1" TopLine="140"/>
      </Position1>
      <Position2>
        <Filename Value="..\..\..\..\GR32_Backends.pas"/>
        <Caret Line="169" Column="1" TopLine="145"/>
      </Position2>
      <Position3>
        <Filename Value="..\..\..\..\GR32_Backends.pas"/>
        <Caret Line="170" Column="1" TopLine="145"/>
      </Position3>
      <Position4>
        <Filename Value="..\..\..\..\GR32.pas"/>
        <Caret Line="2146" Column="1" TopLine="2129"/>
      </Position4>
      <Position5>
        <Filename Value="..\..\..\..\GR32.pas"/>
        <Caret Line="2147" Column="1" TopLine="2130"/>
      </Position5>
      <Position6>
        <Filename Value="..\..\..\..\GR32.pas"/>
        <Caret Line="2148" Column="1" TopLine="2131"/>
      </Position6>
      <Position7>
        <Filename Value="..\..\..\..\GR32.pas"/>
        <Caret Line="2150" Column="1" TopLine="2133"/>
      </Position7>
      <Position8>
        <Filename Value="..\..\..\..\GR32.pas"/>
        <Caret Line="2152" Column="1" TopLine="2135"/>
      </Position8>
      <Position9>
        <Filename Value="..\..\..\..\GR32.pas"/>
        <Caret Line="2165" Column="1" TopLine="2142"/>
      </Position9>
      <Position10>
        <Filename Value="..\..\..\..\GR32.pas"/>
        <Caret Line="1433" Column="1" TopLine="1416"/>
      </Position10>
      <Position11>
        <Filename Value="..\..\..\..\GR32.pas"/>
        <Caret Line="1435" Column="1" TopLine="1418"/>
      </Position11>
      <Position12>
        <Filename Value="..\..\..\..\GR32.pas"/>
        <Caret Line="1436" Column="1" TopLine="1419"/>
      </Position12>
      <Position13>
        <Filename Value="..\..\..\..\GR32.pas"/>
        <Caret Line="1437" Column="1" TopLine="1420"/>
      </Position13>
      <Position14>
        <Filename Value="..\..\..\..\GR32.pas"/>
        <Caret Line="1438" Column="1" TopLine="1421"/>
      </Position14>
      <Position15>
        <Filename Value="..\..\..\..\GR32.pas"/>
        <Caret Line="1444" Column="42" TopLine="1423"/>
      </Position15>
      <Position16>
        <Filename Value="MainUnit.pas"/>
        <Caret Line="153" Column="1" TopLine="136"/>
      </Position16>
      <Position17>
        <Filename Value="..\..\..\..\GR32.pas"/>
        <Caret Line="4849" Column="1" TopLine="4832"/>
      </Position17>
      <Position18>
        <Filename Value="..\..\..\..\GR32.pas"/>
        <Caret Line="2300" Column="1" TopLine="2283"/>
      </Position18>
      <Position19>
        <Filename Value="..\..\..\..\GR32.pas"/>
        <Caret Line="2282" Column="1" TopLine="2265"/>
      </Position19>
      <Position20>
        <Filename Value="..\..\..\..\GR32.pas"/>
        <Caret Line="2151" Column="41" TopLine="2136"/>
      </Position20>
      <Position21>
        <Filename Value="..\..\..\..\GR32.pas"/>
        <Caret Line="35" Column="1" TopLine="35"/>
      </Position21>
      <Position22>
        <Filename Value="..\..\..\..\GR32.pas"/>
        <Caret Line="810" Column="16" TopLine="793"/>
      </Position22>
      <Position23>
        <Filename Value="..\..\..\..\GR32.pas"/>
        <Caret Line="952" Column="19" TopLine="937"/>
      </Position23>
      <Position24>
        <Filename Value="..\..\..\..\GR32_Backends_LCL_Win.pas"/>
        <Caret Line="50" Column="28" TopLine="44"/>
      </Position24>
      <Position25>
        <Filename Value="..\..\..\..\GR32.pas"/>
        <Caret Line="859" Column="3" TopLine="853"/>
      </Position25>
      <Position26>
        <Filename Value="..\..\..\..\GR32.pas"/>
        <Caret Line="879" Column="21" TopLine="853"/>
      </Position26>
      <Position27>
        <Filename Value="..\..\..\..\GR32.pas"/>
        <Caret Line="946" Column="21" TopLine="913"/>
      </Position27>
      <Position28>
        <Filename Value="..\..\..\..\GR32.pas"/>
        <Caret Line="1814" Column="35" TopLine="1784"/>
      </Position28>
      <Position29>
        <Filename Value="..\..\..\..\GR32.pas"/>
        <Caret Line="1869" Column="12" TopLine="1840"/>
      </Position29>
      <Position30>
        <Filename Value="..\..\..\..\GR32.pas"/>
        <Caret Line="2025" Column="34" TopLine="1994"/>
      </Position30>
    </JumpHistory>
  </ProjectOptions>
  <CompilerOptions>
    <Version Value="8"/>
    <PathDelim Value="\"/>
    <SearchPaths>
      <IncludeFiles Value="..\..\..\"/>
      <OtherUnitFiles Value="..\..\..\"/>
      <SrcPath Value="..\..\..\"/>
    </SearchPaths>
    <Parsing>
      <SyntaxOptions>
        <SyntaxMode Value="Delphi"/>
        <CStyleOperator Value="False"/>
        <IncludeAssertionCode Value="True"/>
        <CPPInline Value="False"/>
      </SyntaxOptions>
    </Parsing>
    <Linking>
      <Options>
        <LinkerOptions Value="-framework carbon"/>
        <Win32>
          <GraphicApplication Value="True"/>
        </Win32>
      </Options>
    </Linking>
    <Other>
      <CompilerPath Value="$(CompPath)"/>
    </Other>
  </CompilerOptions>
  <Debugging>
    <BreakPoints Count="6">
      <Item1>
        <Source Value="MainUnit.pas"/>
        <Line Value="153"/>
      </Item1>
      <Item2>
        <Source Value="..\..\..\..\GR32.pas"/>
        <Line Value="4849"/>
      </Item2>
      <Item3>
        <Source Value="..\..\..\..\GR32.pas"/>
        <Line Value="2300"/>
      </Item3>
      <Item4>
        <Source Value="..\..\..\..\GR32.pas"/>
        <Line Value="2282"/>
      </Item4>
      <Item5>
        <Source Value="..\..\..\..\GR32.pas"/>
        <Line Value="2165"/>
      </Item5>
      <Item6>
        <Source Value="..\..\..\..\GR32.pas"/>
        <Line Value="2145"/>
      </Item6>
    </BreakPoints>
    <Exceptions Count="2">
      <Item1>
        <Name Value="ECodetoolError"/>
      </Item1>
      <Item2>
        <Name Value="EFOpenError"/>
      </Item2>
    </Exceptions>
  </Debugging>
</CONFIG>
