<?xml version="1.0"?>
<CONFIG>
  <ProjectOptions>
    <PathDelim Value="\"/>
    <Version Value="5"/>
    <General>
      <MainUnit Value="0"/>
      <IconPath Value="./"/>
      <TargetFileExt Value=".exe"/>
      <ActiveEditorIndexAtStart Value="1"/>
    </General>
    <PublishOptions>
      <Version Value="2"/>
      <IgnoreBinaries Value="False"/>
      <IncludeFileFilter Value="*.(pas|pp|inc|lfm|lpr|lrs|lpi|lpk|sh|xml)"/>
      <ExcludeFileFilter Value="*.(bak|ppu|ppw|o|so);*~;backup"/>
    </PublishOptions>
    <RunParams>
      <local>
        <FormatVersion Value="1"/>
        <LaunchingApplication PathPlusParams="/usr/X11R6/bin/xterm -T 'Lazarus Run Output' -e $(LazarusDir)/tools/runwait.sh $(TargetCmdLine)"/>
      </local>
    </RunParams>
    <RequiredPackages Count="1">
      <Item1>
        <PackageName Value="LCL"/>
      </Item1>
    </RequiredPackages>
    <Units Count="5">
      <Unit0>
        <Filename Value="Image32_Ex.lpr"/>
        <IsPartOfProject Value="True"/>
        <CursorPos X="14" Y="6"/>
        <TopLine Value="1"/>
        <EditorIndex Value="1"/>
        <UsageCount Value="20"/>
        <Loaded Value="True"/>
      </Unit0>
      <Unit1>
        <Filename Value="MainUnit.pas"/>
        <ComponentName Value="Form1"/>
        <HasResources Value="True"/>
        <IsPartOfProject Value="True"/>
        <ResourceFilename Value="MainUnit.lrs"/>
        <UnitName Value="MainUnit"/>
        <CursorPos X="91" Y="99"/>
        <TopLine Value="87"/>
        <EditorIndex Value="0"/>
        <UsageCount Value="20"/>
        <Loaded Value="True"/>
      </Unit1>
      <Unit2>
        <Filename Value="..\..\..\..\GR32.inc"/>
        <CursorPos X="1" Y="104"/>
        <TopLine Value="77"/>
        <UsageCount Value="10"/>
      </Unit2>
      <Unit3>
        <Filename Value="MainUnit.lfm"/>
        <CursorPos X="1" Y="1"/>
        <TopLine Value="1"/>
        <EditorIndex Value="3"/>
        <UsageCount Value="10"/>
        <Loaded Value="True"/>
        <SyntaxHighlighter Value="LFM"/>
      </Unit3>
      <Unit4>
        <Filename Value="..\..\..\..\..\..\..\..\..\Lazarus\lcl\include\lclintf.inc"/>
        <CursorPos X="1" Y="93"/>
        <TopLine Value="78"/>
        <EditorIndex Value="2"/>
        <UsageCount Value="10"/>
        <Loaded Value="True"/>
      </Unit4>
    </Units>
    <JumpHistory Count="5" HistoryIndex="4">
      <Position1>
        <Filename Value="MainUnit.pas"/>
        <Caret Line="62" Column="3" TopLine="47"/>
      </Position1>
      <Position2>
        <Filename Value="MainUnit.pas"/>
        <Caret Line="64" Column="9" TopLine="47"/>
      </Position2>
      <Position3>
        <Filename Value="MainUnit.pas"/>
        <Caret Line="66" Column="1" TopLine="46"/>
      </Position3>
      <Position4>
        <Filename Value="MainUnit.pas"/>
        <Caret Line="30" Column="90" TopLine="16"/>
      </Position4>
      <Position5>
        <Filename Value="MainUnit.pas"/>
        <Caret Line="99" Column="91" TopLine="87"/>
      </Position5>
    </JumpHistory>
  </ProjectOptions>
  <CompilerOptions>
    <Version Value="5"/>
    <PathDelim Value="\"/>
    <SearchPaths>
      <OtherUnitFiles Value="$(LazarusDir)\lcl\units\$(TargetCPU)-$(TargetOS)\;$(LazarusDir)\lcl\units\$(TargetCPU)-$(TargetOS)\$(LCLWidgetType)\;$(LazarusDir)\components\codetools\units\$(TargetCPU)-$(TargetOS)\;$(LazarusDir)\components\custom\;$(LazarusDir)\components\JPEG\;$(LazarusDir)\packager\units\$(TargetCPU)-$(TargetOS)\;C:\Programme\Borland\Library\Bitmap\Graphics32\"/>
      <ObjectPath Value="..\..\..\"/>
      <SrcPath Value="$(LazarusDir)\lcl\;$(LazarusDir)\lcl\interfaces\$(LCLWidgetType)\;$(LazarusDir)\components\synedit\;$(LazarusDir)\components\codetools\"/>
    </SearchPaths>
    <Parsing>
      <SyntaxOptions>
        <D2Extensions Value="False"/>
        <CStyleOperator Value="False"/>
        <AllowLabel Value="False"/>
        <CPPInline Value="False"/>
        <DelphiCompat Value="True"/>
      </SyntaxOptions>
    </Parsing>
    <CodeGeneration>
      <Generate Value="Faster"/>
    </CodeGeneration>
    <Linking>
      <Options>
        <Win32>
          <GraphicApplication Value="True"/>
        </Win32>
      </Options>
    </Linking>
    <Other>
      <CompilerPath Value="$(CompPath)"/>
    </Other>
  </CompilerOptions>
  <Debugging>
    <Exceptions Count="2">
      <Item1>
        <Name Value="ECodetoolError"/>
      </Item1>
      <Item2>
        <Name Value="EFOpenError"/>
      </Item2>
    </Exceptions>
  </Debugging>
</CONFIG>
