<?xml version="1.0"?>
<CONFIG>
  <ProjectOptions>
    <Version Value="7"/>
    <General>
      <Flags>
        <LRSInOutputDirectory Value="False"/>
      </Flags>
      <MainUnit Value="0"/>
      <TargetFileExt Value=".exe"/>
      <Title Value="TImage32 Example"/>
      <ActiveEditorIndexAtStart Value="1"/>
    </General>
    <PublishOptions>
      <Version Value="2"/>
      <IgnoreBinaries Value="False"/>
      <IncludeFileFilter Value="*.(pas|pp|inc|lfm|lpr|lrs|lpi|lpk|sh|xml)"/>
      <ExcludeFileFilter Value="*.(bak|ppu|ppw|o|so);*~;backup"/>
    </PublishOptions>
    <RunParams>
      <local>
        <FormatVersion Value="1"/>
        <LaunchingApplication PathPlusParams="/usr/X11R6/bin/xterm -T 'Lazarus Run Output' -e $(LazarusDir)/tools/runwait.sh $(TargetCmdLine)"/>
      </local>
    </RunParams>
    <RequiredPackages Count="3">
      <Item1>
        <PackageName Value="ImagesForLazarus"/>
      </Item1>
      <Item2>
        <PackageName Value="LCL"/>
      </Item2>
      <Item3>
        <PackageName Value="GR32_L"/>
      </Item3>
    </RequiredPackages>
    <Units Count="26">
      <Unit0>
        <Filename Value="Image32_Ex.lpr"/>
        <IsPartOfProject Value="True"/>
        <CursorPos X="1" Y="6"/>
        <TopLine Value="1"/>
        <EditorIndex Value="0"/>
        <UsageCount Value="22"/>
        <Loaded Value="True"/>
      </Unit0>
      <Unit1>
        <Filename Value="MainUnit.pas"/>
        <IsPartOfProject Value="True"/>
        <ComponentName Value="FormImage32Example"/>
        <HasResources Value="True"/>
        <ResourceBaseClass Value="Form"/>
        <UnitName Value="MainUnit"/>
        <CursorPos X="1" Y="149"/>
        <TopLine Value="128"/>
        <EditorIndex Value="1"/>
        <UsageCount Value="22"/>
        <Loaded Value="True"/>
      </Unit1>
      <Unit2>
        <Filename Value="../../../../GR32.inc"/>
        <CursorPos X="55" Y="123"/>
        <TopLine Value="120"/>
        <UsageCount Value="10"/>
      </Unit2>
      <Unit3>
        <Filename Value="MainUnit.lfm"/>
        <CursorPos X="1" Y="1"/>
        <TopLine Value="98"/>
        <UsageCount Value="10"/>
        <SyntaxHighlighter Value="LFM"/>
      </Unit3>
      <Unit4>
        <Filename Value="/Lazarus/lcl/include/lclintf.inc"/>
        <CursorPos X="1" Y="93"/>
        <TopLine Value="78"/>
        <UsageCount Value="10"/>
      </Unit4>
      <Unit5>
        <Filename Value="../../../../GR32_Transforms.pas"/>
        <UnitName Value="GR32_Transforms"/>
        <CursorPos X="45" Y="1327"/>
        <TopLine Value="1062"/>
        <UsageCount Value="11"/>
      </Unit5>
      <Unit6>
        <Filename Value="../../../../GR32.pas"/>
        <UnitName Value="GR32"/>
        <CursorPos X="1" Y="4850"/>
        <TopLine Value="4833"/>
        <EditorIndex Value="5"/>
        <UsageCount Value="11"/>
        <Loaded Value="True"/>
      </Unit6>
      <Unit7>
        <Filename Value="/Lazarus/ide/buildlazdialog.pas"/>
        <ComponentName Value="ConfigureBuildLazarusDlg"/>
        <HasResources Value="True"/>
        <UnitName Value="BuildLazDialog"/>
        <CursorPos X="1" Y="1"/>
        <TopLine Value="1"/>
        <UsageCount Value="10"/>
      </Unit7>
      <Unit8>
        <Filename Value="/Lazarus/ide/buildlazdialog.lfm"/>
        <CursorPos X="1" Y="1"/>
        <TopLine Value="1"/>
        <UsageCount Value="10"/>
        <SyntaxHighlighter Value="LFM"/>
      </Unit8>
      <Unit9>
        <Filename Value="../../../../../fpc/rtl/objpas/sysutils/sysutilh.inc"/>
        <CursorPos X="26" Y="202"/>
        <TopLine Value="188"/>
        <UsageCount Value="10"/>
      </Unit9>
      <Unit10>
        <Filename Value="../../../../../fpc/rtl/unix/sysunixh.inc"/>
        <CursorPos X="11" Y="30"/>
        <TopLine Value="16"/>
        <UsageCount Value="10"/>
      </Unit10>
      <Unit11>
        <Filename Value="MainUnit.pas.bak"/>
        <CursorPos X="1" Y="1"/>
        <TopLine Value="104"/>
        <UsageCount Value="10"/>
        <SyntaxHighlighter Value="None"/>
      </Unit11>
      <Unit12>
        <Filename Value="../Rotate_Ex/MainUnit.lfm"/>
        <CursorPos X="11" Y="7"/>
        <TopLine Value="1"/>
        <UsageCount Value="10"/>
        <SyntaxHighlighter Value="LFM"/>
      </Unit12>
      <Unit13>
        <Filename Value="../Rotate_Ex/test.dfm"/>
        <CursorPos X="10" Y="6"/>
        <TopLine Value="1"/>
        <UsageCount Value="10"/>
        <SyntaxHighlighter Value="LFM"/>
      </Unit13>
      <Unit14>
        <Filename Value="../Rotate_Ex/test.lfm"/>
        <CursorPos X="10" Y="6"/>
        <TopLine Value="1"/>
        <UsageCount Value="10"/>
        <SyntaxHighlighter Value="LFM"/>
      </Unit14>
      <Unit15>
        <Filename Value="../../../../GR32_Image.pas"/>
        <UnitName Value="GR32_Image"/>
        <CursorPos X="14" Y="367"/>
        <TopLine Value="352"/>
        <UsageCount Value="10"/>
      </Unit15>
      <Unit16>
        <Filename Value="../../../../GR32_RangeBars.pas"/>
        <UnitName Value="GR32_RangeBars"/>
        <CursorPos X="1" Y="1"/>
        <TopLine Value="226"/>
        <UsageCount Value="10"/>
      </Unit16>
      <Unit17>
        <Filename Value="temp.lfm"/>
        <CursorPos X="1" Y="113"/>
        <TopLine Value="86"/>
        <UsageCount Value="10"/>
        <SyntaxHighlighter Value="LFM"/>
      </Unit17>
      <Unit18>
        <Filename Value="../../../../GR32_LowLevel.pas"/>
        <UnitName Value="GR32_LowLevel"/>
        <CursorPos X="51" Y="848"/>
        <TopLine Value="831"/>
        <EditorIndex Value="2"/>
        <UsageCount Value="10"/>
        <Loaded Value="True"/>
      </Unit18>
      <Unit19>
        <Filename Value="../../../../../../../../Lazarus/fpc/2.4.0/source/rtl/objpas/sysutils/sysutilh.inc"/>
        <CursorPos X="1" Y="18"/>
        <TopLine Value="18"/>
        <UsageCount Value="10"/>
      </Unit19>
      <Unit20>
        <Filename Value="../../../../GR32_Backends_LCL_Carbon.pas"/>
        <UnitName Value="GR32_Backends_LCL_Carbon"/>
        <CursorPos X="81" Y="31"/>
        <TopLine Value="1"/>
        <UsageCount Value="10"/>
      </Unit20>
      <Unit21>
        <Filename Value="../../../../GR32_Backends_LCL_Win.pas"/>
        <UnitName Value="GR32_Backends_LCL_Win"/>
        <CursorPos X="31" Y="414"/>
        <TopLine Value="397"/>
        <UsageCount Value="10"/>
      </Unit21>
      <Unit22>
        <Filename Value="../../../../../../../../Lazarus/lcl/utrace.pp"/>
        <UnitName Value="UTrace"/>
        <CursorPos X="51" Y="65"/>
        <TopLine Value="42"/>
        <EditorIndex Value="6"/>
        <UsageCount Value="10"/>
        <Loaded Value="True"/>
      </Unit22>
      <Unit23>
        <Filename Value="../../../../GR32_Blend.pas"/>
        <UnitName Value="GR32_Blend"/>
        <CursorPos X="57" Y="70"/>
        <TopLine Value="58"/>
        <EditorIndex Value="3"/>
        <UsageCount Value="10"/>
        <Loaded Value="True"/>
      </Unit23>
      <Unit24>
        <Filename Value="../../../../GR32_DrawingEx.pas"/>
        <UnitName Value="GR32_DrawingEx"/>
        <CursorPos X="1" Y="1"/>
        <TopLine Value="1"/>
        <EditorIndex Value="4"/>
        <UsageCount Value="10"/>
        <Loaded Value="True"/>
      </Unit24>
      <Unit25>
        <Filename Value="../../../../Packages/GR32_L.pas"/>
        <UnitName Value="GR32_L"/>
        <CursorPos X="24" Y="10"/>
        <TopLine Value="1"/>
        <UsageCount Value="10"/>
      </Unit25>
    </Units>
    <JumpHistory Count="30" HistoryIndex="29">
      <Position1>
        <Filename Value="MainUnit.pas"/>
        <Caret Line="168" Column="1" TopLine="150"/>
      </Position1>
      <Position2>
        <Filename Value="MainUnit.pas"/>
        <Caret Line="172" Column="24" TopLine="142"/>
      </Position2>
      <Position3>
        <Filename Value="MainUnit.pas"/>
        <Caret Line="169" Column="16" TopLine="143"/>
      </Position3>
      <Position4>
        <Filename Value="MainUnit.pas"/>
        <Caret Line="64" Column="70" TopLine="36"/>
      </Position4>
      <Position5>
        <Filename Value="MainUnit.pas"/>
        <Caret Line="173" Column="10" TopLine="153"/>
      </Position5>
      <Position6>
        <Filename Value="../../../../GR32_LowLevel.pas"/>
        <Caret Line="848" Column="51" TopLine="831"/>
      </Position6>
      <Position7>
        <Filename Value="../../../../GR32_Blend.pas"/>
        <Caret Line="1" Column="1" TopLine="1"/>
      </Position7>
      <Position8>
        <Filename Value="../../../../GR32_DrawingEx.pas"/>
        <Caret Line="1" Column="1" TopLine="1"/>
      </Position8>
      <Position9>
        <Filename Value="../../../../GR32_Blend.pas"/>
        <Caret Line="75" Column="12" TopLine="58"/>
      </Position9>
      <Position10>
        <Filename Value="Image32_Ex.lpr"/>
        <Caret Line="6" Column="1" TopLine="1"/>
      </Position10>
      <Position11>
        <Filename Value="MainUnit.pas"/>
        <Caret Line="105" Column="1" TopLine="88"/>
      </Position11>
      <Position12>
        <Filename Value="MainUnit.pas"/>
        <Caret Line="106" Column="1" TopLine="89"/>
      </Position12>
      <Position13>
        <Filename Value="MainUnit.pas"/>
        <Caret Line="113" Column="42" TopLine="94"/>
      </Position13>
      <Position14>
        <Filename Value="MainUnit.pas"/>
        <Caret Line="1" Column="1" TopLine="1"/>
      </Position14>
      <Position15>
        <Filename Value="MainUnit.pas"/>
        <Caret Line="58" Column="12" TopLine="40"/>
      </Position15>
      <Position16>
        <Filename Value="MainUnit.pas"/>
        <Caret Line="61" Column="22" TopLine="40"/>
      </Position16>
      <Position17>
        <Filename Value="MainUnit.pas"/>
        <Caret Line="100" Column="38" TopLine="82"/>
      </Position17>
      <Position18>
        <Filename Value="MainUnit.pas"/>
        <Caret Line="102" Column="10" TopLine="82"/>
      </Position18>
      <Position19>
        <Filename Value="MainUnit.pas"/>
        <Caret Line="103" Column="25" TopLine="82"/>
      </Position19>
      <Position20>
        <Filename Value="MainUnit.pas"/>
        <Caret Line="114" Column="10" TopLine="82"/>
      </Position20>
      <Position21>
        <Filename Value="MainUnit.pas"/>
        <Caret Line="120" Column="1" TopLine="92"/>
      </Position21>
      <Position22>
        <Filename Value="MainUnit.pas"/>
        <Caret Line="131" Column="1" TopLine="100"/>
      </Position22>
      <Position23>
        <Filename Value="MainUnit.pas"/>
        <Caret Line="127" Column="36" TopLine="100"/>
      </Position23>
      <Position24>
        <Filename Value="MainUnit.pas"/>
        <Caret Line="1" Column="1" TopLine="1"/>
      </Position24>
      <Position25>
        <Filename Value="MainUnit.pas"/>
        <Caret Line="89" Column="59" TopLine="71"/>
      </Position25>
      <Position26>
        <Filename Value="MainUnit.pas"/>
        <Caret Line="50" Column="1" TopLine="35"/>
      </Position26>
      <Position27>
        <Filename Value="MainUnit.pas"/>
        <Caret Line="157" Column="1" TopLine="140"/>
      </Position27>
      <Position28>
        <Filename Value="MainUnit.pas"/>
        <Caret Line="158" Column="1" TopLine="141"/>
      </Position28>
      <Position29>
        <Filename Value="MainUnit.pas"/>
        <Caret Line="159" Column="1" TopLine="142"/>
      </Position29>
      <Position30>
        <Filename Value="MainUnit.pas"/>
        <Caret Line="161" Column="67" TopLine="141"/>
      </Position30>
    </JumpHistory>
  </ProjectOptions>
  <CompilerOptions>
    <Version Value="8"/>
    <SearchPaths>
      <IncludeFiles Value="../../../../"/>
      <Libraries Value="../../../../Packages/lib/$(TargetCPU)-$(TargetOS)/"/>
      <OtherUnitFiles Value="../../../../"/>
      <UnitOutputDirectory Value="$(TargetCPU)-$(TargetOS)"/>
      <ObjectPath Value="../../../"/>
    </SearchPaths>
    <Parsing>
      <SyntaxOptions>
        <CStyleOperator Value="False"/>
        <IncludeAssertionCode Value="True"/>
        <CPPInline Value="False"/>
      </SyntaxOptions>
    </Parsing>
    <Linking>
      <Debugging>
        <GenerateDebugInfo Value="True"/>
      </Debugging>
      <LinkSmart Value="True"/>
      <Options>
        <LinkerOptions Value="-framework carbon"/>
        <Win32>
          <GraphicApplication Value="True"/>
        </Win32>
      </Options>
    </Linking>
    <Other>
      <CompilerPath Value="$(CompPath)"/>
    </Other>
  </CompilerOptions>
  <Debugging>
    <Exceptions Count="2">
      <Item1>
        <Name Value="ECodetoolError"/>
      </Item1>
      <Item2>
        <Name Value="EFOpenError"/>
      </Item2>
    </Exceptions>
  </Debugging>
</CONFIG>
