<?xml version="1.0"?>
<CONFIG>
  <ProjectOptions>
    <PathDelim Value="\"/>
    <Version Value="6"/>
    <General>
      <MainUnit Value="0"/>
      <IconPath Value=".\"/>
      <TargetFileExt Value=""/>
      <ActiveEditorIndexAtStart Value="1"/>
    </General>
    <VersionInfo>
      <ProjectVersion Value=""/>
      <Language Value=""/>
      <CharSet Value=""/>
    </VersionInfo>
    <PublishOptions>
      <Version Value="2"/>
      <DestinationDirectory Value="$(TestDir)\publishedproject\"/>
      <IgnoreBinaries Value="False"/>
      <IncludeFileFilter Value="*.(pas|pp|inc|lfm|lpr|lrs|lpi|lpk|sh|xml)"/>
      <ExcludeFileFilter Value="*.(bak|ppu|ppw|o|so);*~;backup"/>
    </PublishOptions>
    <RunParams>
      <local>
        <FormatVersion Value="1"/>
        <LaunchingApplication PathPlusParams="\usr\X11R6\bin\xterm -T 'Lazarus Run Output' -e $(LazarusDir)\tools\runwait.sh $(TargetCmdLine)"/>
      </local>
    </RunParams>
    <RequiredPackages Count="3">
      <Item1>
        <PackageName Value="ImagesForLazarus"/>
      </Item1>
      <Item2>
        <PackageName Value="GR32_L"/>
      </Item2>
      <Item3>
        <PackageName Value="LCL"/>
      </Item3>
    </RequiredPackages>
    <Units Count="16">
      <Unit0>
        <Filename Value="Sprites_Ex.lpr"/>
        <IsPartOfProject Value="True"/>
        <CursorPos X="8" Y="7"/>
        <TopLine Value="1"/>
        <EditorIndex Value="0"/>
        <UsageCount Value="23"/>
        <Loaded Value="True"/>
      </Unit0>
      <Unit1>
        <Filename Value="MainUnit.pas"/>
        <ComponentName Value="Form1"/>
        <HasResources Value="True"/>
        <IsPartOfProject Value="True"/>
        <ResourceFilename Value="MainUnit.lrs"/>
        <UnitName Value="MainUnit"/>
        <CursorPos X="8" Y="90"/>
        <TopLine Value="80"/>
        <EditorIndex Value="1"/>
        <UsageCount Value="23"/>
        <Loaded Value="True"/>
      </Unit1>
      <Unit2>
        <Filename Value="MainUnit.lfm"/>
        <CursorPos X="8" Y="7"/>
        <TopLine Value="1"/>
        <EditorIndex Value="0"/>
        <UsageCount Value="11"/>
        <Loaded Value="True"/>
        <SyntaxHighlighter Value="LFM"/>
      </Unit2>
      <Unit3>
        <Filename Value="..\..\..\..\Packages\GR32_L.pas"/>
        <UnitName Value="GR32_L"/>
        <CursorPos X="1" Y="1"/>
        <TopLine Value="1"/>
        <UsageCount Value="10"/>
      </Unit3>
      <Unit4>
        <Filename Value="..\..\General\Rotate_Ex\MainUnit.pas"/>
        <ComponentName Value="Form1"/>
        <HasResources Value="True"/>
        <UnitName Value="MainUnit"/>
        <CursorPos X="27" Y="88"/>
        <TopLine Value="74"/>
        <UsageCount Value="10"/>
      </Unit4>
      <Unit5>
        <Filename Value="..\ImgView_Layers_Ex\NewImageUnit.pas"/>
        <ComponentName Value="NewImageForm"/>
        <HasResources Value="True"/>
        <UnitName Value="NewImageUnit"/>
        <CursorPos X="1" Y="1"/>
        <TopLine Value="36"/>
        <UsageCount Value="10"/>
      </Unit5>
      <Unit6>
        <Filename Value="..\RotLayer_Ex\MainUnit.pas"/>
        <ComponentName Value="Form1"/>
        <HasResources Value="True"/>
        <ResourceFilename Value="..\RotLayer_Ex\MainUnit.lrs"/>
        <UnitName Value="MainUnit"/>
        <CursorPos X="11" Y="195"/>
        <TopLine Value="190"/>
        <UsageCount Value="10"/>
      </Unit6>
      <Unit7>
        <Filename Value="..\..\..\..\GR32.pas"/>
        <UnitName Value="GR32"/>
        <CursorPos X="14" Y="263"/>
        <TopLine Value="26"/>
        <UsageCount Value="11"/>
      </Unit7>
      <Unit8>
        <Filename Value="..\..\..\..\..\fpc\rtl\inc\systemh.inc"/>
        <CursorPos X="11" Y="468"/>
        <TopLine Value="454"/>
        <UsageCount Value="10"/>
      </Unit8>
      <Unit9>
        <Filename Value="..\..\..\..\GR32_Image.pas"/>
        <UnitName Value="GR32_Image"/>
        <CursorPos X="17" Y="563"/>
        <TopLine Value="320"/>
        <UsageCount Value="11"/>
      </Unit9>
      <Unit10>
        <Filename Value="MainUnit.lfm.bak"/>
        <CursorPos X="7" Y="26"/>
        <TopLine Value="101"/>
        <UsageCount Value="10"/>
        <SyntaxHighlighter Value="None"/>
      </Unit10>
      <Unit11>
        <Filename Value="temp.lfm"/>
        <CursorPos X="10" Y="53"/>
        <TopLine Value="44"/>
        <UsageCount Value="10"/>
        <SyntaxHighlighter Value="LFM"/>
      </Unit11>
      <Unit12>
        <Filename Value="..\..\Resampling\NestedSampling_Ex\MainUnit.pas"/>
        <UnitName Value="MainUnit"/>
        <CursorPos X="13" Y="74"/>
        <TopLine Value="76"/>
        <UsageCount Value="10"/>
      </Unit12>
      <Unit13>
        <Filename Value="..\..\Resampling\PixelF_Ex\MainUnit.pas"/>
        <HasResources Value="True"/>
        <UnitName Value="MainUnit"/>
        <CursorPos X="24" Y="15"/>
        <TopLine Value="18"/>
        <UsageCount Value="10"/>
      </Unit13>
      <Unit14>
        <Filename Value="..\..\Resampling\PixelF_Ex\MainUnit.lfm"/>
        <CursorPos X="1" Y="1"/>
        <TopLine Value="1"/>
        <UsageCount Value="10"/>
        <SyntaxHighlighter Value="LFM"/>
      </Unit14>
      <Unit15>
        <Filename Value="\usr\local\share\fpcsrc\packages\base\winunits\jwawinbase.pas"/>
        <UnitName Value="JwaWinBase"/>
        <CursorPos X="12" Y="531"/>
        <TopLine Value="516"/>
        <UsageCount Value="10"/>
      </Unit15>
    </Units>
    <JumpHistory Count="1" HistoryIndex="0">
      <Position1>
        <Filename Value="MainUnit.pas"/>
        <Caret Line="360" Column="38" TopLine="346"/>
      </Position1>
    </JumpHistory>
  </ProjectOptions>
  <CompilerOptions>
    <Version Value="5"/>
    <PathDelim Value="\"/>
    <CodeGeneration>
      <Generate Value="Faster"/>
    </CodeGeneration>
    <Linking>
      <Options>
        <PassLinkerOptions Value="True"/>
        <LinkerOptions Value="-framework carbon"/>
      </Options>
    </Linking>
    <Other>
      <CompilerPath Value="$(CompPath)"/>
    </Other>
  </CompilerOptions>
  <Debugging>
    <BreakPoints Count="1">
      <Item1>
        <Source Value="..\..\..\..\..\lazarus\lcl\include\control.inc"/>
        <Line Value="344"/>
      </Item1>
    </BreakPoints>
    <Exceptions Count="2">
      <Item1>
        <Name Value="ECodetoolError"/>
      </Item1>
      <Item2>
        <Name Value="EFOpenError"/>
      </Item2>
    </Exceptions>
  </Debugging>
</CONFIG>
