<?xml version="1.0"?>
<CONFIG>
  <ProjectOptions>
    <PathDelim Value="/"/>
    <Version Value="5"/>
    <General>
      <MainUnit Value="0"/>
      <TargetFileExt Value=""/>
      <ActiveEditorIndexAtStart Value="1"/>
    </General>
    <VersionInfo>
      <ProjectVersion Value=""/>
      <Language Value=""/>
      <CharSet Value=""/>
    </VersionInfo>
    <PublishOptions>
      <Version Value="2"/>
      <IgnoreBinaries Value="False"/>
      <IncludeFileFilter Value="*.(pas|pp|inc|lfm|lpr|lrs|lpi|lpk|sh|xml)"/>
      <ExcludeFileFilter Value="*.(bak|ppu|ppw|o|so);*~;backup"/>
    </PublishOptions>
    <RunParams>
      <local>
        <FormatVersion Value="1"/>
        <LaunchingApplication PathPlusParams="/usr/X11R6/bin/xterm -T 'Lazarus Run Output' -e $(LazarusDir)/tools/runwait.sh $(TargetCmdLine)"/>
      </local>
    </RunParams>
    <RequiredPackages Count="3">
      <Item1>
        <PackageName Value="JPEGForLazarus"/>
      </Item1>
      <Item2>
        <PackageName Value="GR32_L"/>
      </Item2>
      <Item3>
        <PackageName Value="LCL"/>
      </Item3>
    </RequiredPackages>
    <Units Count="5">
      <Unit0>
        <Filename Value="Resamplers_Ex.lpr"/>
        <IsPartOfProject Value="True"/>
        <CursorPos X="48" Y="16"/>
        <TopLine Value="1"/>
        <EditorIndex Value="0"/>
        <UsageCount Value="20"/>
        <Loaded Value="True"/>
      </Unit0>
      <Unit1>
        <Filename Value="MainUnit.pas"/>
        <HasResources Value="True"/>
        <IsPartOfProject Value="True"/>
        <ResourceFilename Value="MainUnit.lrs"/>
        <UnitName Value="MainUnit"/>
        <CursorPos X="8" Y="340"/>
        <TopLine Value="335"/>
        <EditorIndex Value="1"/>
        <UsageCount Value="20"/>
        <Loaded Value="True"/>
      </Unit1>
      <Unit2>
        <Filename Value="MainUnit.lfm"/>
        <CursorPos X="1" Y="66"/>
        <TopLine Value="1"/>
        <UsageCount Value="10"/>
        <SyntaxHighlighter Value="LFM"/>
      </Unit2>
      <Unit3>
        <Filename Value="../../../../Packages/GR32_L.pas"/>
        <UnitName Value="GR32_L"/>
        <CursorPos X="1" Y="1"/>
        <TopLine Value="1"/>
        <UsageCount Value="10"/>
      </Unit3>
      <Unit4>
        <Filename Value="../../../../GR32_Image.pas"/>
        <UnitName Value="GR32_Image"/>
        <CursorPos X="81" Y="47"/>
        <TopLine Value="33"/>
        <UsageCount Value="10"/>
      </Unit4>
    </Units>
    <JumpHistory Count="12" HistoryIndex="11">
      <Position1>
        <Filename Value="Resamplers_Ex.lpr"/>
        <Caret Line="8" Column="8" TopLine="1"/>
      </Position1>
      <Position2>
        <Filename Value="MainUnit.pas"/>
        <Caret Line="1" Column="1" TopLine="1"/>
      </Position2>
      <Position3>
        <Filename Value="MainUnit.pas"/>
        <Caret Line="204" Column="20" TopLine="164"/>
      </Position3>
      <Position4>
        <Filename Value="MainUnit.pas"/>
        <Caret Line="45" Column="67" TopLine="31"/>
      </Position4>
      <Position5>
        <Filename Value="MainUnit.pas"/>
        <Caret Line="46" Column="2" TopLine="32"/>
      </Position5>
      <Position6>
        <Filename Value="MainUnit.pas"/>
        <Caret Line="59" Column="19" TopLine="32"/>
      </Position6>
      <Position7>
        <Filename Value="MainUnit.pas"/>
        <Caret Line="46" Column="63" TopLine="32"/>
      </Position7>
      <Position8>
        <Filename Value="MainUnit.pas"/>
        <Caret Line="183" Column="1" TopLine="174"/>
      </Position8>
      <Position9>
        <Filename Value="MainUnit.pas"/>
        <Caret Line="187" Column="3" TopLine="173"/>
      </Position9>
      <Position10>
        <Filename Value="MainUnit.pas"/>
        <Caret Line="186" Column="40" TopLine="173"/>
      </Position10>
      <Position11>
        <Filename Value="MainUnit.pas"/>
        <Caret Line="188" Column="24" TopLine="175"/>
      </Position11>
      <Position12>
        <Filename Value="Resamplers_Ex.lpr"/>
        <Caret Line="8" Column="8" TopLine="1"/>
      </Position12>
    </JumpHistory>
  </ProjectOptions>
  <CompilerOptions>
    <Version Value="5"/>
    <SearchPaths>
      <LCLWidgetType Value="carbon"/>
    </SearchPaths>
    <CodeGeneration>
      <Generate Value="Faster"/>
    </CodeGeneration>
    <Linking>
      <Options>
        <PassLinkerOptions Value="True"/>
        <LinkerOptions Value="-framework carbon"/>
        <Win32>
          <GraphicApplication Value="True"/>
        </Win32>
      </Options>
    </Linking>
    <Other>
      <CompilerPath Value="$(CompPath)"/>
    </Other>
  </CompilerOptions>
  <Debugging>
    <Exceptions Count="2">
      <Item1>
        <Name Value="ECodetoolError"/>
      </Item1>
      <Item2>
        <Name Value="EFOpenError"/>
      </Item2>
    </Exceptions>
  </Debugging>
</CONFIG>
