<?xml version="1.0"?>
<CONFIG>
  <ProjectOptions>
    <Version Value="7"/>
    <General>
      <Flags>
        <LRSInOutputDirectory Value="False"/>
      </Flags>
      <MainUnit Value="0"/>
      <TargetFileExt Value=""/>
      <Title Value="Image View Example"/>
    </General>
    <VersionInfo>
      <ProjectVersion Value=""/>
      <Language Value=""/>
      <CharSet Value=""/>
    </VersionInfo>
    <PublishOptions>
      <Version Value="2"/>
      <IgnoreBinaries Value="False"/>
      <IncludeFileFilter Value="*.(pas|pp|inc|lfm|lpr|lrs|lpi|lpk|sh|xml)"/>
      <ExcludeFileFilter Value="*.(bak|ppu|ppw|o|so);*~;backup"/>
    </PublishOptions>
    <RunParams>
      <local>
        <FormatVersion Value="1"/>
        <LaunchingApplication PathPlusParams="/usr/X11R6/bin/xterm -T 'Lazarus Run Output' -e $(LazarusDir)/tools/runwait.sh $(TargetCmdLine)"/>
      </local>
    </RunParams>
    <RequiredPackages Count="3">
      <Item1>
        <PackageName Value="ImagesForLazarus"/>
      </Item1>
      <Item2>
        <PackageName Value="LCL"/>
      </Item2>
      <Item3>
        <PackageName Value="GR32_L"/>
      </Item3>
    </RequiredPackages>
    <Units Count="21">
      <Unit0>
        <Filename Value="ImgView_Layers_Ex.lpr"/>
        <IsPartOfProject Value="True"/>
        <CursorPos X="1" Y="3"/>
        <TopLine Value="1"/>
        <UsageCount Value="20"/>
      </Unit0>
      <Unit1>
        <Filename Value="MainUnit.pas"/>
        <IsPartOfProject Value="True"/>
        <ComponentName Value="MainForm"/>
        <HasResources Value="True"/>
        <ResourceBaseClass Value="Form"/>
        <UnitName Value="MainUnit"/>
        <CursorPos X="46" Y="44"/>
        <TopLine Value="18"/>
        <UsageCount Value="20"/>
      </Unit1>
      <Unit2>
        <Filename Value="NewImageUnit.pas"/>
        <IsPartOfProject Value="True"/>
        <ComponentName Value="NewImageForm"/>
        <HasResources Value="True"/>
        <ResourceBaseClass Value="Form"/>
        <UnitName Value="NewImageUnit"/>
        <CursorPos X="39" Y="89"/>
        <TopLine Value="54"/>
        <UsageCount Value="20"/>
      </Unit2>
      <Unit3>
        <Filename Value="RGBALoaderUnit.pas"/>
        <IsPartOfProject Value="True"/>
        <ComponentName Value="RGBALoaderForm"/>
        <HasResources Value="True"/>
        <ResourceBaseClass Value="Form"/>
        <UnitName Value="RGBALoaderUnit"/>
        <CursorPos X="25" Y="53"/>
        <TopLine Value="51"/>
        <UsageCount Value="20"/>
      </Unit3>
      <Unit4>
        <Filename Value="../../../../Packages/GR32_L.pas"/>
        <UnitName Value="GR32_L"/>
        <CursorPos X="14" Y="13"/>
        <TopLine Value="1"/>
        <UsageCount Value="10"/>
      </Unit4>
      <Unit5>
        <Filename Value="MainUnit.lfm"/>
        <CursorPos X="1" Y="1"/>
        <TopLine Value="1"/>
        <UsageCount Value="10"/>
        <SyntaxHighlighter Value="LFM"/>
      </Unit5>
      <Unit6>
        <Filename Value="temp.lfm"/>
        <CursorPos X="1" Y="215"/>
        <TopLine Value="187"/>
        <UsageCount Value="10"/>
        <SyntaxHighlighter Value="LFM"/>
      </Unit6>
      <Unit7>
        <Filename Value="MainUnit.lrs"/>
        <CursorPos X="17" Y="3"/>
        <TopLine Value="1"/>
        <UsageCount Value="10"/>
      </Unit7>
      <Unit8>
        <Filename Value="NewImageUnit.lrs"/>
        <CursorPos X="17" Y="1"/>
        <TopLine Value="1"/>
        <UsageCount Value="10"/>
      </Unit8>
      <Unit9>
        <Filename Value="../../General/Rotate_Ex/MainUnit.pas"/>
        <ComponentName Value="Form1"/>
        <HasResources Value="True"/>
        <UnitName Value="MainUnit"/>
        <CursorPos X="1" Y="40"/>
        <TopLine Value="12"/>
        <UsageCount Value="10"/>
      </Unit9>
      <Unit10>
        <Filename Value="../../../../GR32_RangeBars.pas"/>
        <UnitName Value="GR32_RangeBars"/>
        <CursorPos X="33" Y="68"/>
        <TopLine Value="54"/>
        <UsageCount Value="10"/>
      </Unit10>
      <Unit11>
        <Filename Value="../../../../GR32_DrawingEx.pas"/>
        <UnitName Value="GR32_DrawingEx"/>
        <CursorPos X="1" Y="1"/>
        <TopLine Value="1"/>
        <UsageCount Value="10"/>
      </Unit11>
      <Unit12>
        <Filename Value="../../../../../../../../Lazarus/lcl/include/fpimagebitmap.inc"/>
        <CursorPos X="47" Y="132"/>
        <TopLine Value="114"/>
        <UsageCount Value="10"/>
      </Unit12>
      <Unit13>
        <Filename Value="../../../../GR32_Resamplers.pas"/>
        <UnitName Value="GR32_Resamplers"/>
        <CursorPos X="1" Y="1"/>
        <TopLine Value="1"/>
        <UsageCount Value="10"/>
      </Unit13>
      <Unit14>
        <Filename Value="../../../../GR32_Image.pas"/>
        <UnitName Value="GR32_Image"/>
        <CursorPos X="3" Y="757"/>
        <TopLine Value="755"/>
        <UsageCount Value="10"/>
        <Bookmarks Count="1">
          <Item0 X="2" Y="2390" ID="1"/>
        </Bookmarks>
      </Unit14>
      <Unit15>
        <Filename Value="../../../../../../../../Lazarus/lcl/include/lclintfh.inc"/>
        <CursorPos X="10" Y="83"/>
        <TopLine Value="66"/>
        <UsageCount Value="10"/>
      </Unit15>
      <Unit16>
        <Filename Value="../../../../../../../../Lazarus/lcl/lclproc.pas"/>
        <UnitName Value="LCLProc"/>
        <CursorPos X="9" Y="184"/>
        <TopLine Value="167"/>
        <UsageCount Value="10"/>
      </Unit16>
      <Unit17>
        <Filename Value="../../../../../../../../Lazarus/lcl/graphics.pp"/>
        <UnitName Value="Graphics"/>
        <CursorPos X="15" Y="1076"/>
        <TopLine Value="1059"/>
        <UsageCount Value="10"/>
      </Unit17>
      <Unit18>
        <Filename Value="../../../../../../../../Lazarus/lcl/include/canvas.inc"/>
        <CursorPos X="3" Y="915"/>
        <TopLine Value="907"/>
        <UsageCount Value="10"/>
      </Unit18>
      <Unit19>
        <Filename Value="../../../../GR32_Blend.pas"/>
        <UnitName Value="GR32_Blend"/>
        <CursorPos X="74" Y="24"/>
        <TopLine Value="1"/>
        <UsageCount Value="10"/>
      </Unit19>
      <Unit20>
        <Filename Value="../../../../GR32_Containers.pas"/>
        <UnitName Value="GR32_Containers"/>
        <CursorPos X="1" Y="1"/>
        <TopLine Value="1"/>
        <UsageCount Value="10"/>
      </Unit20>
    </Units>
    <JumpHistory Count="0" HistoryIndex="-1"/>
  </ProjectOptions>
  <CompilerOptions>
    <Version Value="8"/>
    <SearchPaths>
      <IncludeFiles Value="../../../../"/>
      <Libraries Value="../../../../Packages/lib/$(TargetCPU)-$(TargetOS)/"/>
      <OtherUnitFiles Value="../../../../"/>
      <UnitOutputDirectory Value="$(TargetCPU)-$(TargetOS)"/>
      <ObjectPath Value="../../../"/>
    </SearchPaths>
    <Parsing>
      <SyntaxOptions>
        <CStyleOperator Value="False"/>
        <IncludeAssertionCode Value="True"/>
        <CPPInline Value="False"/>
      </SyntaxOptions>
    </Parsing>
    <CodeGeneration>
      <SmartLinkUnit Value="True"/>
    </CodeGeneration>
    <Linking>
      <Debugging>
        <GenerateDebugInfo Value="True"/>
      </Debugging>
      <LinkSmart Value="True"/>
      <Options>
        <LinkerOptions Value="-framework carbon"/>
        <Win32>
          <GraphicApplication Value="True"/>
        </Win32>
      </Options>
    </Linking>
    <Other>
      <CompilerPath Value="$(CompPath)"/>
    </Other>
  </CompilerOptions>
  <Debugging>
    <Exceptions Count="2">
      <Item1>
        <Name Value="ECodetoolError"/>
      </Item1>
      <Item2>
        <Name Value="EFOpenError"/>
      </Item2>
    </Exceptions>
  </Debugging>
</CONFIG>
